
Microsoft Visual Studio Solution File, Format Version 12.00
# Visual Studio Version 17
VisualStudioVersion = 17.5.33516.290
MinimumVisualStudioVersion = 10.0.40219.1
Project("{8BC9CEB8-8B4A-11D0-8D11-00A0C91BC942}") = "순환연습1", "순환연습1\순환연습1.vcxproj", "{EBAEA37E-E682-4DA7-B5D1-90470BB1F158}"
EndProject
Project("{8BC9CEB8-8B4A-11D0-8D11-00A0C91BC942}") = "순환연습2", "순환연습2\순환연습2.vcxproj", "{6D62B305-8984-40F8-A2C4-3E30E808327A}"
EndProject
Project("{8BC9CEB8-8B4A-11D0-8D11-00A0C91BC942}") = "REVIEW1_1_0", "REVIEW1_1_0\REVIEW1_1_0.vcxproj", "{FC150C0D-419E-47E1-99A7-C6FEF86321BC}"
EndProject
Project("{8BC9CEB8-8B4A-11D0-8D11-00A0C91BC942}") = "REVIEW1_1_1", "REVIEW1_1_1\REVIEW1_1_1.vcxproj", "{1F75E51D-AFF0-4569-9640-DF07438F9BD3}"
EndProject
Project("{8BC9CEB8-8B4A-11D0-8D11-00A0C91BC942}") = "REVIEW1_1_2", "REVIEW1_1_2\REVIEW1_1_2.vcxproj", "{EF060833-6634-49AB-A629-4F2D57466906}"
EndProject
Project("{8BC9CEB8-8B4A-11D0-8D11-00A0C91BC942}") = "LAB10_0_2", "LAB10_0_2\LAB10_0_2.vcxproj", "{AD30E280-D5EE-49FC-80E6-0068376F1B05}"
EndProject
Project("{8BC9CEB8-8B4A-11D0-8D11-00A0C91BC942}") = "REVIEW2_1_1", "REVIEW2_1_1\REVIEW2_1_1.vcxproj", "{2A77AB79-3884-433E-B259-E2096E386B43}"
EndProject
Project("{8BC9CEB8-8B4A-11D0-8D11-00A0C91BC942}") = "REVIEW2_1_2", "REVIEW2_1_2\REVIEW2_1_2.vcxproj", "{35933B33-9440-4224-8460-5091CA221152}"
EndProject
Project("{8BC9CEB8-8B4A-11D0-8D11-00A0C91BC942}") = "blank", "blank\blank.vcxproj", "{C5F5F8F6-02A2-4A9F-A270-35CCB423223C}"
EndProject
Global
	GlobalSection(SolutionConfigurationPlatforms) = preSolution
		Debug|x64 = Debug|x64
		Debug|x86 = Debug|x86
		Release|x64 = Release|x64
		Release|x86 = Release|x86
	EndGlobalSection
	GlobalSection(ProjectConfigurationPlatforms) = postSolution
		{EBAEA37E-E682-4DA7-B5D1-90470BB1F158}.Debug|x64.ActiveCfg = Debug|x64
		{EBAEA37E-E682-4DA7-B5D1-90470BB1F158}.Debug|x64.Build.0 = Debug|x64
		{EBAEA37E-E682-4DA7-B5D1-90470BB1F158}.Debug|x86.ActiveCfg = Debug|Win32
		{EBAEA37E-E682-4DA7-B5D1-90470BB1F158}.Debug|x86.Build.0 = Debug|Win32
		{EBAEA37E-E682-4DA7-B5D1-90470BB1F158}.Release|x64.ActiveCfg = Release|x64
		{EBAEA37E-E682-4DA7-B5D1-90470BB1F158}.Release|x64.Build.0 = Release|x64
		{EBAEA37E-E682-4DA7-B5D1-90470BB1F158}.Release|x86.ActiveCfg = Release|Win32
		{EBAEA37E-E682-4DA7-B5D1-90470BB1F158}.Release|x86.Build.0 = Release|Win32
		{6D62B305-8984-40F8-A2C4-3E30E808327A}.Debug|x64.ActiveCfg = Debug|x64
		{6D62B305-8984-40F8-A2C4-3E30E808327A}.Debug|x64.Build.0 = Debug|x64
		{6D62B305-8984-40F8-A2C4-3E30E808327A}.Debug|x86.ActiveCfg = Debug|Win32
		{6D62B305-8984-40F8-A2C4-3E30E808327A}.Debug|x86.Build.0 = Debug|Win32
		{6D62B305-8984-40F8-A2C4-3E30E808327A}.Release|x64.ActiveCfg = Release|x64
		{6D62B305-8984-40F8-A2C4-3E30E808327A}.Release|x64.Build.0 = Release|x64
		{6D62B305-8984-40F8-A2C4-3E30E808327A}.Release|x86.ActiveCfg = Release|Win32
		{6D62B305-8984-40F8-A2C4-3E30E808327A}.Release|x86.Build.0 = Release|Win32
		{FC150C0D-419E-47E1-99A7-C6FEF86321BC}.Debug|x64.ActiveCfg = Debug|x64
		{FC150C0D-419E-47E1-99A7-C6FEF86321BC}.Debug|x64.Build.0 = Debug|x64
		{FC150C0D-419E-47E1-99A7-C6FEF86321BC}.Debug|x86.ActiveCfg = Debug|Win32
		{FC150C0D-419E-47E1-99A7-C6FEF86321BC}.Debug|x86.Build.0 = Debug|Win32
		{FC150C0D-419E-47E1-99A7-C6FEF86321BC}.Release|x64.ActiveCfg = Release|x64
		{FC150C0D-419E-47E1-99A7-C6FEF86321BC}.Release|x64.Build.0 = Release|x64
		{FC150C0D-419E-47E1-99A7-C6FEF86321BC}.Release|x86.ActiveCfg = Release|Win32
		{FC150C0D-419E-47E1-99A7-C6FEF86321BC}.Release|x86.Build.0 = Release|Win32
		{1F75E51D-AFF0-4569-9640-DF07438F9BD3}.Debug|x64.ActiveCfg = Debug|x64
		{1F75E51D-AFF0-4569-9640-DF07438F9BD3}.Debug|x64.Build.0 = Debug|x64
		{1F75E51D-AFF0-4569-9640-DF07438F9BD3}.Debug|x86.ActiveCfg = Debug|Win32
		{1F75E51D-AFF0-4569-9640-DF07438F9BD3}.Debug|x86.Build.0 = Debug|Win32
		{1F75E51D-AFF0-4569-9640-DF07438F9BD3}.Release|x64.ActiveCfg = Release|x64
		{1F75E51D-AFF0-4569-9640-DF07438F9BD3}.Release|x64.Build.0 = Release|x64
		{1F75E51D-AFF0-4569-9640-DF07438F9BD3}.Release|x86.ActiveCfg = Release|Win32
		{1F75E51D-AFF0-4569-9640-DF07438F9BD3}.Release|x86.Build.0 = Release|Win32
		{EF060833-6634-49AB-A629-4F2D57466906}.Debug|x64.ActiveCfg = Debug|x64
		{EF060833-6634-49AB-A629-4F2D57466906}.Debug|x64.Build.0 = Debug|x64
		{EF060833-6634-49AB-A629-4F2D57466906}.Debug|x86.ActiveCfg = Debug|Win32
		{EF060833-6634-49AB-A629-4F2D57466906}.Debug|x86.Build.0 = Debug|Win32
		{EF060833-6634-49AB-A629-4F2D57466906}.Release|x64.ActiveCfg = Release|x64
		{EF060833-6634-49AB-A629-4F2D57466906}.Release|x64.Build.0 = Release|x64
		{EF060833-6634-49AB-A629-4F2D57466906}.Release|x86.ActiveCfg = Release|Win32
		{EF060833-6634-49AB-A629-4F2D57466906}.Release|x86.Build.0 = Release|Win32
		{AD30E280-D5EE-49FC-80E6-0068376F1B05}.Debug|x64.ActiveCfg = Debug|x64
		{AD30E280-D5EE-49FC-80E6-0068376F1B05}.Debug|x64.Build.0 = Debug|x64
		{AD30E280-D5EE-49FC-80E6-0068376F1B05}.Debug|x86.ActiveCfg = Debug|Win32
		{AD30E280-D5EE-49FC-80E6-0068376F1B05}.Debug|x86.Build.0 = Debug|Win32
		{AD30E280-D5EE-49FC-80E6-0068376F1B05}.Release|x64.ActiveCfg = Release|x64
		{AD30E280-D5EE-49FC-80E6-0068376F1B05}.Release|x64.Build.0 = Release|x64
		{AD30E280-D5EE-49FC-80E6-0068376F1B05}.Release|x86.ActiveCfg = Release|Win32
		{AD30E280-D5EE-49FC-80E6-0068376F1B05}.Release|x86.Build.0 = Release|Win32
		{2A77AB79-3884-433E-B259-E2096E386B43}.Debug|x64.ActiveCfg = Debug|x64
		{2A77AB79-3884-433E-B259-E2096E386B43}.Debug|x64.Build.0 = Debug|x64
		{2A77AB79-3884-433E-B259-E2096E386B43}.Debug|x86.ActiveCfg = Debug|Win32
		{2A77AB79-3884-433E-B259-E2096E386B43}.Debug|x86.Build.0 = Debug|Win32
		{2A77AB79-3884-433E-B259-E2096E386B43}.Release|x64.ActiveCfg = Release|x64
		{2A77AB79-3884-433E-B259-E2096E386B43}.Release|x64.Build.0 = Release|x64
		{2A77AB79-3884-433E-B259-E2096E386B43}.Release|x86.ActiveCfg = Release|Win32
		{2A77AB79-3884-433E-B259-E2096E386B43}.Release|x86.Build.0 = Release|Win32
		{35933B33-9440-4224-8460-5091CA221152}.Debug|x64.ActiveCfg = Debug|x64
		{35933B33-9440-4224-8460-5091CA221152}.Debug|x64.Build.0 = Debug|x64
		{35933B33-9440-4224-8460-5091CA221152}.Debug|x86.ActiveCfg = Debug|Win32
		{35933B33-9440-4224-8460-5091CA221152}.Debug|x86.Build.0 = Debug|Win32
		{35933B33-9440-4224-8460-5091CA221152}.Release|x64.ActiveCfg = Release|x64
		{35933B33-9440-4224-8460-5091CA221152}.Release|x64.Build.0 = Release|x64
		{35933B33-9440-4224-8460-5091CA221152}.Release|x86.ActiveCfg = Release|Win32
		{35933B33-9440-4224-8460-5091CA221152}.Release|x86.Build.0 = Release|Win32
		{C5F5F8F6-02A2-4A9F-A270-35CCB423223C}.Debug|x64.ActiveCfg = Debug|x64
		{C5F5F8F6-02A2-4A9F-A270-35CCB423223C}.Debug|x64.Build.0 = Debug|x64
		{C5F5F8F6-02A2-4A9F-A270-35CCB423223C}.Debug|x86.ActiveCfg = Debug|Win32
		{C5F5F8F6-02A2-4A9F-A270-35CCB423223C}.Debug|x86.Build.0 = Debug|Win32
		{C5F5F8F6-02A2-4A9F-A270-35CCB423223C}.Release|x64.ActiveCfg = Release|x64
		{C5F5F8F6-02A2-4A9F-A270-35CCB423223C}.Release|x64.Build.0 = Release|x64
		{C5F5F8F6-02A2-4A9F-A270-35CCB423223C}.Release|x86.ActiveCfg = Release|Win32
		{C5F5F8F6-02A2-4A9F-A270-35CCB423223C}.Release|x86.Build.0 = Release|Win32
	EndGlobalSection
	GlobalSection(SolutionProperties) = preSolution
		HideSolutionNode = FALSE
	EndGlobalSection
	GlobalSection(ExtensibilityGlobals) = postSolution
		SolutionGuid = {17BC702A-314C-4E23-9C59-9BA64AF9DD34}
	EndGlobalSection
EndGlobal
