
Microsoft Visual Studio Solution File, Format Version 12.00
# Visual Studio Version 17
VisualStudioVersion = 17.5.33516.290
MinimumVisualStudioVersion = 10.0.40219.1
Project("{8BC9CEB8-8B4A-11D0-8D11-00A0C91BC942}") = "HW2_1_1", "HW2_1_1\HW2_1_1.vcxproj", "{29EB9C64-5208-4B78-89AA-3BFD66D6A8DF}"
EndProject
Project("{8BC9CEB8-8B4A-11D0-8D11-00A0C91BC942}") = "HW2_1_2", "HW2_1_2\HW2_1_2.vcxproj", "{E4CDB6FC-2265-44BD-994E-444AAFF1F1C9}"
EndProject
Project("{8BC9CEB8-8B4A-11D0-8D11-00A0C91BC942}") = "HW2_4", "HW2_4\HW2_4.vcxproj", "{D27417EB-D83F-4F8B-B25A-8A55ACDD9FC1}"
EndProject
Project("{8BC9CEB8-8B4A-11D0-8D11-00A0C91BC942}") = "review1", "review1\review1.vcxproj", "{A2DBF9A2-7C0A-4FAF-A76D-DEB117CDD5D9}"
EndProject
Project("{8BC9CEB8-8B4A-11D0-8D11-00A0C91BC942}") = "review2", "review2\review2.vcxproj", "{3A6F3CFD-8D24-4166-8059-8626E5094370}"
EndProject
Project("{8BC9CEB8-8B4A-11D0-8D11-00A0C91BC942}") = "review2_1_2", "review2_1_2\review2_1_2.vcxproj", "{AA5C6FCC-3D72-49E1-8F59-9A58019D567F}"
EndProject
Project("{8BC9CEB8-8B4A-11D0-8D11-00A0C91BC942}") = "review3", "review3\review3.vcxproj", "{84809CDF-A17F-42BB-9E0A-D2F408F0116B}"
EndProject
Project("{8BC9CEB8-8B4A-11D0-8D11-00A0C91BC942}") = "HW2_2", "HW2_2\HW2_2.vcxproj", "{4928F8A0-9A38-4CF9-BB61-B45150D4A81F}"
EndProject
Project("{8BC9CEB8-8B4A-11D0-8D11-00A0C91BC942}") = "HW2_2_1", "HW2_2_1\HW2_2_1.vcxproj", "{DC1C1673-3EB7-4737-A02E-315CF2630959}"
EndProject
Project("{8BC9CEB8-8B4A-11D0-8D11-00A0C91BC942}") = "HW2_2_2", "HW2_2_2\HW2_2_2.vcxproj", "{4CEACB5A-37BA-4A0F-B618-E69B283BC4C7}"
EndProject
Global
	GlobalSection(SolutionConfigurationPlatforms) = preSolution
		Debug|x64 = Debug|x64
		Debug|x86 = Debug|x86
		Release|x64 = Release|x64
		Release|x86 = Release|x86
	EndGlobalSection
	GlobalSection(ProjectConfigurationPlatforms) = postSolution
		{29EB9C64-5208-4B78-89AA-3BFD66D6A8DF}.Debug|x64.ActiveCfg = Debug|x64
		{29EB9C64-5208-4B78-89AA-3BFD66D6A8DF}.Debug|x64.Build.0 = Debug|x64
		{29EB9C64-5208-4B78-89AA-3BFD66D6A8DF}.Debug|x86.ActiveCfg = Debug|Win32
		{29EB9C64-5208-4B78-89AA-3BFD66D6A8DF}.Debug|x86.Build.0 = Debug|Win32
		{29EB9C64-5208-4B78-89AA-3BFD66D6A8DF}.Release|x64.ActiveCfg = Release|x64
		{29EB9C64-5208-4B78-89AA-3BFD66D6A8DF}.Release|x64.Build.0 = Release|x64
		{29EB9C64-5208-4B78-89AA-3BFD66D6A8DF}.Release|x86.ActiveCfg = Release|Win32
		{29EB9C64-5208-4B78-89AA-3BFD66D6A8DF}.Release|x86.Build.0 = Release|Win32
		{E4CDB6FC-2265-44BD-994E-444AAFF1F1C9}.Debug|x64.ActiveCfg = Debug|x64
		{E4CDB6FC-2265-44BD-994E-444AAFF1F1C9}.Debug|x64.Build.0 = Debug|x64
		{E4CDB6FC-2265-44BD-994E-444AAFF1F1C9}.Debug|x86.ActiveCfg = Debug|Win32
		{E4CDB6FC-2265-44BD-994E-444AAFF1F1C9}.Debug|x86.Build.0 = Debug|Win32
		{E4CDB6FC-2265-44BD-994E-444AAFF1F1C9}.Release|x64.ActiveCfg = Release|x64
		{E4CDB6FC-2265-44BD-994E-444AAFF1F1C9}.Release|x64.Build.0 = Release|x64
		{E4CDB6FC-2265-44BD-994E-444AAFF1F1C9}.Release|x86.ActiveCfg = Release|Win32
		{E4CDB6FC-2265-44BD-994E-444AAFF1F1C9}.Release|x86.Build.0 = Release|Win32
		{D27417EB-D83F-4F8B-B25A-8A55ACDD9FC1}.Debug|x64.ActiveCfg = Debug|x64
		{D27417EB-D83F-4F8B-B25A-8A55ACDD9FC1}.Debug|x64.Build.0 = Debug|x64
		{D27417EB-D83F-4F8B-B25A-8A55ACDD9FC1}.Debug|x86.ActiveCfg = Debug|Win32
		{D27417EB-D83F-4F8B-B25A-8A55ACDD9FC1}.Debug|x86.Build.0 = Debug|Win32
		{D27417EB-D83F-4F8B-B25A-8A55ACDD9FC1}.Release|x64.ActiveCfg = Release|x64
		{D27417EB-D83F-4F8B-B25A-8A55ACDD9FC1}.Release|x64.Build.0 = Release|x64
		{D27417EB-D83F-4F8B-B25A-8A55ACDD9FC1}.Release|x86.ActiveCfg = Release|Win32
		{D27417EB-D83F-4F8B-B25A-8A55ACDD9FC1}.Release|x86.Build.0 = Release|Win32
		{A2DBF9A2-7C0A-4FAF-A76D-DEB117CDD5D9}.Debug|x64.ActiveCfg = Debug|x64
		{A2DBF9A2-7C0A-4FAF-A76D-DEB117CDD5D9}.Debug|x64.Build.0 = Debug|x64
		{A2DBF9A2-7C0A-4FAF-A76D-DEB117CDD5D9}.Debug|x86.ActiveCfg = Debug|Win32
		{A2DBF9A2-7C0A-4FAF-A76D-DEB117CDD5D9}.Debug|x86.Build.0 = Debug|Win32
		{A2DBF9A2-7C0A-4FAF-A76D-DEB117CDD5D9}.Release|x64.ActiveCfg = Release|x64
		{A2DBF9A2-7C0A-4FAF-A76D-DEB117CDD5D9}.Release|x64.Build.0 = Release|x64
		{A2DBF9A2-7C0A-4FAF-A76D-DEB117CDD5D9}.Release|x86.ActiveCfg = Release|Win32
		{A2DBF9A2-7C0A-4FAF-A76D-DEB117CDD5D9}.Release|x86.Build.0 = Release|Win32
		{3A6F3CFD-8D24-4166-8059-8626E5094370}.Debug|x64.ActiveCfg = Debug|x64
		{3A6F3CFD-8D24-4166-8059-8626E5094370}.Debug|x64.Build.0 = Debug|x64
		{3A6F3CFD-8D24-4166-8059-8626E5094370}.Debug|x86.ActiveCfg = Debug|Win32
		{3A6F3CFD-8D24-4166-8059-8626E5094370}.Debug|x86.Build.0 = Debug|Win32
		{3A6F3CFD-8D24-4166-8059-8626E5094370}.Release|x64.ActiveCfg = Release|x64
		{3A6F3CFD-8D24-4166-8059-8626E5094370}.Release|x64.Build.0 = Release|x64
		{3A6F3CFD-8D24-4166-8059-8626E5094370}.Release|x86.ActiveCfg = Release|Win32
		{3A6F3CFD-8D24-4166-8059-8626E5094370}.Release|x86.Build.0 = Release|Win32
		{AA5C6FCC-3D72-49E1-8F59-9A58019D567F}.Debug|x64.ActiveCfg = Debug|x64
		{AA5C6FCC-3D72-49E1-8F59-9A58019D567F}.Debug|x64.Build.0 = Debug|x64
		{AA5C6FCC-3D72-49E1-8F59-9A58019D567F}.Debug|x86.ActiveCfg = Debug|Win32
		{AA5C6FCC-3D72-49E1-8F59-9A58019D567F}.Debug|x86.Build.0 = Debug|Win32
		{AA5C6FCC-3D72-49E1-8F59-9A58019D567F}.Release|x64.ActiveCfg = Release|x64
		{AA5C6FCC-3D72-49E1-8F59-9A58019D567F}.Release|x64.Build.0 = Release|x64
		{AA5C6FCC-3D72-49E1-8F59-9A58019D567F}.Release|x86.ActiveCfg = Release|Win32
		{AA5C6FCC-3D72-49E1-8F59-9A58019D567F}.Release|x86.Build.0 = Release|Win32
		{84809CDF-A17F-42BB-9E0A-D2F408F0116B}.Debug|x64.ActiveCfg = Debug|x64
		{84809CDF-A17F-42BB-9E0A-D2F408F0116B}.Debug|x64.Build.0 = Debug|x64
		{84809CDF-A17F-42BB-9E0A-D2F408F0116B}.Debug|x86.ActiveCfg = Debug|Win32
		{84809CDF-A17F-42BB-9E0A-D2F408F0116B}.Debug|x86.Build.0 = Debug|Win32
		{84809CDF-A17F-42BB-9E0A-D2F408F0116B}.Release|x64.ActiveCfg = Release|x64
		{84809CDF-A17F-42BB-9E0A-D2F408F0116B}.Release|x64.Build.0 = Release|x64
		{84809CDF-A17F-42BB-9E0A-D2F408F0116B}.Release|x86.ActiveCfg = Release|Win32
		{84809CDF-A17F-42BB-9E0A-D2F408F0116B}.Release|x86.Build.0 = Release|Win32
		{4928F8A0-9A38-4CF9-BB61-B45150D4A81F}.Debug|x64.ActiveCfg = Debug|x64
		{4928F8A0-9A38-4CF9-BB61-B45150D4A81F}.Debug|x64.Build.0 = Debug|x64
		{4928F8A0-9A38-4CF9-BB61-B45150D4A81F}.Debug|x86.ActiveCfg = Debug|Win32
		{4928F8A0-9A38-4CF9-BB61-B45150D4A81F}.Debug|x86.Build.0 = Debug|Win32
		{4928F8A0-9A38-4CF9-BB61-B45150D4A81F}.Release|x64.ActiveCfg = Release|x64
		{4928F8A0-9A38-4CF9-BB61-B45150D4A81F}.Release|x64.Build.0 = Release|x64
		{4928F8A0-9A38-4CF9-BB61-B45150D4A81F}.Release|x86.ActiveCfg = Release|Win32
		{4928F8A0-9A38-4CF9-BB61-B45150D4A81F}.Release|x86.Build.0 = Release|Win32
		{DC1C1673-3EB7-4737-A02E-315CF2630959}.Debug|x64.ActiveCfg = Debug|x64
		{DC1C1673-3EB7-4737-A02E-315CF2630959}.Debug|x64.Build.0 = Debug|x64
		{DC1C1673-3EB7-4737-A02E-315CF2630959}.Debug|x86.ActiveCfg = Debug|Win32
		{DC1C1673-3EB7-4737-A02E-315CF2630959}.Debug|x86.Build.0 = Debug|Win32
		{DC1C1673-3EB7-4737-A02E-315CF2630959}.Release|x64.ActiveCfg = Release|x64
		{DC1C1673-3EB7-4737-A02E-315CF2630959}.Release|x64.Build.0 = Release|x64
		{DC1C1673-3EB7-4737-A02E-315CF2630959}.Release|x86.ActiveCfg = Release|Win32
		{DC1C1673-3EB7-4737-A02E-315CF2630959}.Release|x86.Build.0 = Release|Win32
		{4CEACB5A-37BA-4A0F-B618-E69B283BC4C7}.Debug|x64.ActiveCfg = Debug|x64
		{4CEACB5A-37BA-4A0F-B618-E69B283BC4C7}.Debug|x64.Build.0 = Debug|x64
		{4CEACB5A-37BA-4A0F-B618-E69B283BC4C7}.Debug|x86.ActiveCfg = Debug|Win32
		{4CEACB5A-37BA-4A0F-B618-E69B283BC4C7}.Debug|x86.Build.0 = Debug|Win32
		{4CEACB5A-37BA-4A0F-B618-E69B283BC4C7}.Release|x64.ActiveCfg = Release|x64
		{4CEACB5A-37BA-4A0F-B618-E69B283BC4C7}.Release|x64.Build.0 = Release|x64
		{4CEACB5A-37BA-4A0F-B618-E69B283BC4C7}.Release|x86.ActiveCfg = Release|Win32
		{4CEACB5A-37BA-4A0F-B618-E69B283BC4C7}.Release|x86.Build.0 = Release|Win32
	EndGlobalSection
	GlobalSection(SolutionProperties) = preSolution
		HideSolutionNode = FALSE
	EndGlobalSection
	GlobalSection(ExtensibilityGlobals) = postSolution
		SolutionGuid = {6FF129F6-C58B-42D3-8424-37A27997B284}
	EndGlobalSection
EndGlobal
