
Microsoft Visual Studio Solution File, Format Version 12.00
# Visual Studio Version 17
VisualStudioVersion = 17.5.33516.290
MinimumVisualStudioVersion = 10.0.40219.1
Project("{8BC9CEB8-8B4A-11D0-8D11-00A0C91BC942}") = "1", "1\1.vcxproj", "{984CB542-F11B-4EE5-8DC7-2714603A9156}"
EndProject
Project("{8BC9CEB8-8B4A-11D0-8D11-00A0C91BC942}") = "2", "2\2.vcxproj", "{B817366E-F7BE-410F-B742-532447F26443}"
EndProject
Project("{8BC9CEB8-8B4A-11D0-8D11-00A0C91BC942}") = "3", "3\3.vcxproj", "{D408070A-869F-4795-B35D-7A907A4055BA}"
EndProject
Project("{8BC9CEB8-8B4A-11D0-8D11-00A0C91BC942}") = "4", "4\4.vcxproj", "{7F4B8A10-9697-4A79-B130-6D8CE1712851}"
EndProject
Project("{8BC9CEB8-8B4A-11D0-8D11-00A0C91BC942}") = "5", "5\5.vcxproj", "{6B7E6A28-32FC-453C-8A2D-2D175DDCF459}"
EndProject
Project("{8BC9CEB8-8B4A-11D0-8D11-00A0C91BC942}") = "6", "6\6.vcxproj", "{9A6E9269-FD2A-4DEC-80AD-12CCF35E6277}"
EndProject
Project("{8BC9CEB8-8B4A-11D0-8D11-00A0C91BC942}") = "HW4_2", "HW4_2\HW4_2.vcxproj", "{D4D399A6-5830-4C4C-A895-C5267BE3012D}"
EndProject
Project("{8BC9CEB8-8B4A-11D0-8D11-00A0C91BC942}") = "HW4_3_0", "HW4_3_0\HW4_3_0.vcxproj", "{4B7C4808-BD5A-41AE-AC2F-E0F4D36D4E7C}"
EndProject
Project("{8BC9CEB8-8B4A-11D0-8D11-00A0C91BC942}") = "HW5_1", "HW5_1\HW5_1.vcxproj", "{5EF00D6B-5B81-4A07-BAED-BB6701DA85EE}"
EndProject
Project("{8BC9CEB8-8B4A-11D0-8D11-00A0C91BC942}") = "HW6_1_1", "HW6_1_1\HW6_1_1.vcxproj", "{0E6ACAC7-FF12-4C2A-9809-AA53AE3CF945}"
EndProject
Project("{8BC9CEB8-8B4A-11D0-8D11-00A0C91BC942}") = "HW6_1_2", "HW6_1_2\HW6_1_2.vcxproj", "{FBED26F1-0218-4893-96B9-69C266709085}"
EndProject
Project("{8BC9CEB8-8B4A-11D0-8D11-00A0C91BC942}") = "HW6_2_a", "HW6_2_a\HW6_2_a.vcxproj", "{C868F9DD-4727-41F8-8F41-E2B7B57600DF}"
EndProject
Project("{8BC9CEB8-8B4A-11D0-8D11-00A0C91BC942}") = "HW6_2_b", "HW6_2_b\HW6_2_b.vcxproj", "{0E6950E8-752D-443E-82B1-42C8385993FD}"
EndProject
Project("{8BC9CEB8-8B4A-11D0-8D11-00A0C91BC942}") = "HW6_3_2", "HW6_3_2\HW6_3_2.vcxproj", "{21194931-8C12-46F0-91C1-0B348D7BDECE}"
EndProject
Global
	GlobalSection(SolutionConfigurationPlatforms) = preSolution
		Debug|x64 = Debug|x64
		Debug|x86 = Debug|x86
		Release|x64 = Release|x64
		Release|x86 = Release|x86
	EndGlobalSection
	GlobalSection(ProjectConfigurationPlatforms) = postSolution
		{984CB542-F11B-4EE5-8DC7-2714603A9156}.Debug|x64.ActiveCfg = Debug|x64
		{984CB542-F11B-4EE5-8DC7-2714603A9156}.Debug|x64.Build.0 = Debug|x64
		{984CB542-F11B-4EE5-8DC7-2714603A9156}.Debug|x86.ActiveCfg = Debug|Win32
		{984CB542-F11B-4EE5-8DC7-2714603A9156}.Debug|x86.Build.0 = Debug|Win32
		{984CB542-F11B-4EE5-8DC7-2714603A9156}.Release|x64.ActiveCfg = Release|x64
		{984CB542-F11B-4EE5-8DC7-2714603A9156}.Release|x64.Build.0 = Release|x64
		{984CB542-F11B-4EE5-8DC7-2714603A9156}.Release|x86.ActiveCfg = Release|Win32
		{984CB542-F11B-4EE5-8DC7-2714603A9156}.Release|x86.Build.0 = Release|Win32
		{B817366E-F7BE-410F-B742-532447F26443}.Debug|x64.ActiveCfg = Debug|x64
		{B817366E-F7BE-410F-B742-532447F26443}.Debug|x64.Build.0 = Debug|x64
		{B817366E-F7BE-410F-B742-532447F26443}.Debug|x86.ActiveCfg = Debug|Win32
		{B817366E-F7BE-410F-B742-532447F26443}.Debug|x86.Build.0 = Debug|Win32
		{B817366E-F7BE-410F-B742-532447F26443}.Release|x64.ActiveCfg = Release|x64
		{B817366E-F7BE-410F-B742-532447F26443}.Release|x64.Build.0 = Release|x64
		{B817366E-F7BE-410F-B742-532447F26443}.Release|x86.ActiveCfg = Release|Win32
		{B817366E-F7BE-410F-B742-532447F26443}.Release|x86.Build.0 = Release|Win32
		{D408070A-869F-4795-B35D-7A907A4055BA}.Debug|x64.ActiveCfg = Debug|x64
		{D408070A-869F-4795-B35D-7A907A4055BA}.Debug|x64.Build.0 = Debug|x64
		{D408070A-869F-4795-B35D-7A907A4055BA}.Debug|x86.ActiveCfg = Debug|Win32
		{D408070A-869F-4795-B35D-7A907A4055BA}.Debug|x86.Build.0 = Debug|Win32
		{D408070A-869F-4795-B35D-7A907A4055BA}.Release|x64.ActiveCfg = Release|x64
		{D408070A-869F-4795-B35D-7A907A4055BA}.Release|x64.Build.0 = Release|x64
		{D408070A-869F-4795-B35D-7A907A4055BA}.Release|x86.ActiveCfg = Release|Win32
		{D408070A-869F-4795-B35D-7A907A4055BA}.Release|x86.Build.0 = Release|Win32
		{7F4B8A10-9697-4A79-B130-6D8CE1712851}.Debug|x64.ActiveCfg = Debug|x64
		{7F4B8A10-9697-4A79-B130-6D8CE1712851}.Debug|x64.Build.0 = Debug|x64
		{7F4B8A10-9697-4A79-B130-6D8CE1712851}.Debug|x86.ActiveCfg = Debug|Win32
		{7F4B8A10-9697-4A79-B130-6D8CE1712851}.Debug|x86.Build.0 = Debug|Win32
		{7F4B8A10-9697-4A79-B130-6D8CE1712851}.Release|x64.ActiveCfg = Release|x64
		{7F4B8A10-9697-4A79-B130-6D8CE1712851}.Release|x64.Build.0 = Release|x64
		{7F4B8A10-9697-4A79-B130-6D8CE1712851}.Release|x86.ActiveCfg = Release|Win32
		{7F4B8A10-9697-4A79-B130-6D8CE1712851}.Release|x86.Build.0 = Release|Win32
		{6B7E6A28-32FC-453C-8A2D-2D175DDCF459}.Debug|x64.ActiveCfg = Debug|x64
		{6B7E6A28-32FC-453C-8A2D-2D175DDCF459}.Debug|x64.Build.0 = Debug|x64
		{6B7E6A28-32FC-453C-8A2D-2D175DDCF459}.Debug|x86.ActiveCfg = Debug|Win32
		{6B7E6A28-32FC-453C-8A2D-2D175DDCF459}.Debug|x86.Build.0 = Debug|Win32
		{6B7E6A28-32FC-453C-8A2D-2D175DDCF459}.Release|x64.ActiveCfg = Release|x64
		{6B7E6A28-32FC-453C-8A2D-2D175DDCF459}.Release|x64.Build.0 = Release|x64
		{6B7E6A28-32FC-453C-8A2D-2D175DDCF459}.Release|x86.ActiveCfg = Release|Win32
		{6B7E6A28-32FC-453C-8A2D-2D175DDCF459}.Release|x86.Build.0 = Release|Win32
		{9A6E9269-FD2A-4DEC-80AD-12CCF35E6277}.Debug|x64.ActiveCfg = Debug|x64
		{9A6E9269-FD2A-4DEC-80AD-12CCF35E6277}.Debug|x64.Build.0 = Debug|x64
		{9A6E9269-FD2A-4DEC-80AD-12CCF35E6277}.Debug|x86.ActiveCfg = Debug|Win32
		{9A6E9269-FD2A-4DEC-80AD-12CCF35E6277}.Debug|x86.Build.0 = Debug|Win32
		{9A6E9269-FD2A-4DEC-80AD-12CCF35E6277}.Release|x64.ActiveCfg = Release|x64
		{9A6E9269-FD2A-4DEC-80AD-12CCF35E6277}.Release|x64.Build.0 = Release|x64
		{9A6E9269-FD2A-4DEC-80AD-12CCF35E6277}.Release|x86.ActiveCfg = Release|Win32
		{9A6E9269-FD2A-4DEC-80AD-12CCF35E6277}.Release|x86.Build.0 = Release|Win32
		{D4D399A6-5830-4C4C-A895-C5267BE3012D}.Debug|x64.ActiveCfg = Debug|x64
		{D4D399A6-5830-4C4C-A895-C5267BE3012D}.Debug|x64.Build.0 = Debug|x64
		{D4D399A6-5830-4C4C-A895-C5267BE3012D}.Debug|x86.ActiveCfg = Debug|Win32
		{D4D399A6-5830-4C4C-A895-C5267BE3012D}.Debug|x86.Build.0 = Debug|Win32
		{D4D399A6-5830-4C4C-A895-C5267BE3012D}.Release|x64.ActiveCfg = Release|x64
		{D4D399A6-5830-4C4C-A895-C5267BE3012D}.Release|x64.Build.0 = Release|x64
		{D4D399A6-5830-4C4C-A895-C5267BE3012D}.Release|x86.ActiveCfg = Release|Win32
		{D4D399A6-5830-4C4C-A895-C5267BE3012D}.Release|x86.Build.0 = Release|Win32
		{4B7C4808-BD5A-41AE-AC2F-E0F4D36D4E7C}.Debug|x64.ActiveCfg = Debug|x64
		{4B7C4808-BD5A-41AE-AC2F-E0F4D36D4E7C}.Debug|x64.Build.0 = Debug|x64
		{4B7C4808-BD5A-41AE-AC2F-E0F4D36D4E7C}.Debug|x86.ActiveCfg = Debug|Win32
		{4B7C4808-BD5A-41AE-AC2F-E0F4D36D4E7C}.Debug|x86.Build.0 = Debug|Win32
		{4B7C4808-BD5A-41AE-AC2F-E0F4D36D4E7C}.Release|x64.ActiveCfg = Release|x64
		{4B7C4808-BD5A-41AE-AC2F-E0F4D36D4E7C}.Release|x64.Build.0 = Release|x64
		{4B7C4808-BD5A-41AE-AC2F-E0F4D36D4E7C}.Release|x86.ActiveCfg = Release|Win32
		{4B7C4808-BD5A-41AE-AC2F-E0F4D36D4E7C}.Release|x86.Build.0 = Release|Win32
		{5EF00D6B-5B81-4A07-BAED-BB6701DA85EE}.Debug|x64.ActiveCfg = Debug|x64
		{5EF00D6B-5B81-4A07-BAED-BB6701DA85EE}.Debug|x64.Build.0 = Debug|x64
		{5EF00D6B-5B81-4A07-BAED-BB6701DA85EE}.Debug|x86.ActiveCfg = Debug|Win32
		{5EF00D6B-5B81-4A07-BAED-BB6701DA85EE}.Debug|x86.Build.0 = Debug|Win32
		{5EF00D6B-5B81-4A07-BAED-BB6701DA85EE}.Release|x64.ActiveCfg = Release|x64
		{5EF00D6B-5B81-4A07-BAED-BB6701DA85EE}.Release|x64.Build.0 = Release|x64
		{5EF00D6B-5B81-4A07-BAED-BB6701DA85EE}.Release|x86.ActiveCfg = Release|Win32
		{5EF00D6B-5B81-4A07-BAED-BB6701DA85EE}.Release|x86.Build.0 = Release|Win32
		{0E6ACAC7-FF12-4C2A-9809-AA53AE3CF945}.Debug|x64.ActiveCfg = Debug|x64
		{0E6ACAC7-FF12-4C2A-9809-AA53AE3CF945}.Debug|x64.Build.0 = Debug|x64
		{0E6ACAC7-FF12-4C2A-9809-AA53AE3CF945}.Debug|x86.ActiveCfg = Debug|Win32
		{0E6ACAC7-FF12-4C2A-9809-AA53AE3CF945}.Debug|x86.Build.0 = Debug|Win32
		{0E6ACAC7-FF12-4C2A-9809-AA53AE3CF945}.Release|x64.ActiveCfg = Release|x64
		{0E6ACAC7-FF12-4C2A-9809-AA53AE3CF945}.Release|x64.Build.0 = Release|x64
		{0E6ACAC7-FF12-4C2A-9809-AA53AE3CF945}.Release|x86.ActiveCfg = Release|Win32
		{0E6ACAC7-FF12-4C2A-9809-AA53AE3CF945}.Release|x86.Build.0 = Release|Win32
		{FBED26F1-0218-4893-96B9-69C266709085}.Debug|x64.ActiveCfg = Debug|x64
		{FBED26F1-0218-4893-96B9-69C266709085}.Debug|x64.Build.0 = Debug|x64
		{FBED26F1-0218-4893-96B9-69C266709085}.Debug|x86.ActiveCfg = Debug|Win32
		{FBED26F1-0218-4893-96B9-69C266709085}.Debug|x86.Build.0 = Debug|Win32
		{FBED26F1-0218-4893-96B9-69C266709085}.Release|x64.ActiveCfg = Release|x64
		{FBED26F1-0218-4893-96B9-69C266709085}.Release|x64.Build.0 = Release|x64
		{FBED26F1-0218-4893-96B9-69C266709085}.Release|x86.ActiveCfg = Release|Win32
		{FBED26F1-0218-4893-96B9-69C266709085}.Release|x86.Build.0 = Release|Win32
		{C868F9DD-4727-41F8-8F41-E2B7B57600DF}.Debug|x64.ActiveCfg = Debug|x64
		{C868F9DD-4727-41F8-8F41-E2B7B57600DF}.Debug|x64.Build.0 = Debug|x64
		{C868F9DD-4727-41F8-8F41-E2B7B57600DF}.Debug|x86.ActiveCfg = Debug|Win32
		{C868F9DD-4727-41F8-8F41-E2B7B57600DF}.Debug|x86.Build.0 = Debug|Win32
		{C868F9DD-4727-41F8-8F41-E2B7B57600DF}.Release|x64.ActiveCfg = Release|x64
		{C868F9DD-4727-41F8-8F41-E2B7B57600DF}.Release|x64.Build.0 = Release|x64
		{C868F9DD-4727-41F8-8F41-E2B7B57600DF}.Release|x86.ActiveCfg = Release|Win32
		{C868F9DD-4727-41F8-8F41-E2B7B57600DF}.Release|x86.Build.0 = Release|Win32
		{0E6950E8-752D-443E-82B1-42C8385993FD}.Debug|x64.ActiveCfg = Debug|x64
		{0E6950E8-752D-443E-82B1-42C8385993FD}.Debug|x64.Build.0 = Debug|x64
		{0E6950E8-752D-443E-82B1-42C8385993FD}.Debug|x86.ActiveCfg = Debug|Win32
		{0E6950E8-752D-443E-82B1-42C8385993FD}.Debug|x86.Build.0 = Debug|Win32
		{0E6950E8-752D-443E-82B1-42C8385993FD}.Release|x64.ActiveCfg = Release|x64
		{0E6950E8-752D-443E-82B1-42C8385993FD}.Release|x64.Build.0 = Release|x64
		{0E6950E8-752D-443E-82B1-42C8385993FD}.Release|x86.ActiveCfg = Release|Win32
		{0E6950E8-752D-443E-82B1-42C8385993FD}.Release|x86.Build.0 = Release|Win32
		{21194931-8C12-46F0-91C1-0B348D7BDECE}.Debug|x64.ActiveCfg = Debug|x64
		{21194931-8C12-46F0-91C1-0B348D7BDECE}.Debug|x64.Build.0 = Debug|x64
		{21194931-8C12-46F0-91C1-0B348D7BDECE}.Debug|x86.ActiveCfg = Debug|Win32
		{21194931-8C12-46F0-91C1-0B348D7BDECE}.Debug|x86.Build.0 = Debug|Win32
		{21194931-8C12-46F0-91C1-0B348D7BDECE}.Release|x64.ActiveCfg = Release|x64
		{21194931-8C12-46F0-91C1-0B348D7BDECE}.Release|x64.Build.0 = Release|x64
		{21194931-8C12-46F0-91C1-0B348D7BDECE}.Release|x86.ActiveCfg = Release|Win32
		{21194931-8C12-46F0-91C1-0B348D7BDECE}.Release|x86.Build.0 = Release|Win32
	EndGlobalSection
	GlobalSection(SolutionProperties) = preSolution
		HideSolutionNode = FALSE
	EndGlobalSection
	GlobalSection(ExtensibilityGlobals) = postSolution
		SolutionGuid = {23438F51-76D9-405A-BCA5-62C8E40AF27A}
	EndGlobalSection
EndGlobal
