
Microsoft Visual Studio Solution File, Format Version 12.00
# Visual Studio Version 17
VisualStudioVersion = 17.5.33516.290
MinimumVisualStudioVersion = 10.0.40219.1
Project("{8BC9CEB8-8B4A-11D0-8D11-00A0C91BC942}") = "HW4_2", "HW4_2\HW4_2.vcxproj", "{E66C27EF-9142-4CA7-BA26-74F333AC1BDE}"
EndProject
Project("{8BC9CEB8-8B4A-11D0-8D11-00A0C91BC942}") = "HW4_3_0", "HW4_3_0\HW4_3_0.vcxproj", "{2405340E-D697-4C1C-ADAF-7564CC4540E2}"
EndProject
Project("{8BC9CEB8-8B4A-11D0-8D11-00A0C91BC942}") = "HW5_1", "HW5_1\HW5_1.vcxproj", "{2EFCB831-5FEC-4EAA-A727-A9451FE3E250}"
EndProject
Project("{8BC9CEB8-8B4A-11D0-8D11-00A0C91BC942}") = "HW6_1_1인접행렬", "HW6_1_1인접행렬\HW6_1_1인접행렬.vcxproj", "{120CC63E-39BB-473E-AA46-D921AD459A3A}"
EndProject
Project("{8BC9CEB8-8B4A-11D0-8D11-00A0C91BC942}") = "HW6_1_1인접리스트", "HW6_1_1인접리스트\HW6_1_1인접리스트.vcxproj", "{BBAC91D3-B88D-46C6-856C-491A22089C12}"
EndProject
Project("{8BC9CEB8-8B4A-11D0-8D11-00A0C91BC942}") = "HW6_1_aDFS인접행렬", "HW6_1_aDFS인접행렬\HW6_1_aDFS인접행렬.vcxproj", "{7B7BFFB1-2F7E-41A7-9C91-C6795672B79D}"
EndProject
Project("{8BC9CEB8-8B4A-11D0-8D11-00A0C91BC942}") = "HW6_1_bDFS인접리스트", "HW6_1_bDFS인접리스트\HW6_1_bDFS인접리스트.vcxproj", "{B4CEE7B9-DEAC-47A6-8A0A-4FC36B1C1024}"
EndProject
Project("{8BC9CEB8-8B4A-11D0-8D11-00A0C91BC942}") = "queue.c", "queue.c\queue.c.vcxproj", "{755AC723-CD23-4DE1-9452-0F21BEA71D1D}"
EndProject
Project("{8BC9CEB8-8B4A-11D0-8D11-00A0C91BC942}") = "queue.h", "queue.h\queue.h.vcxproj", "{0A47DA1C-98A2-4F94-93BC-0BAB938FCBEC}"
EndProject
Project("{8BC9CEB8-8B4A-11D0-8D11-00A0C91BC942}") = "그래프ADT인접행렬", "그래프ADT인접행렬\그래프ADT인접행렬.vcxproj", "{B4D4F459-44BD-4014-B812-84C2D91558BB}"
EndProject
Project("{8BC9CEB8-8B4A-11D0-8D11-00A0C91BC942}") = "그래프ADT인접리스트", "그래프ADT인접리스트\그래프ADT인접리스트.vcxproj", "{71177A29-2902-4B8B-AA8E-3888E7D54541}"
EndProject
Project("{8BC9CEB8-8B4A-11D0-8D11-00A0C91BC942}") = "HW6_3_2Prim", "HW6_3_2Prim\HW6_3_2Prim.vcxproj", "{2BE28A9C-D738-40CA-9B40-D1EFC0F481CA}"
EndProject
Project("{8BC9CEB8-8B4A-11D0-8D11-00A0C91BC942}") = "Kruskal_MST", "Kruskal_MST\Kruskal_MST.vcxproj", "{E726E247-3B6A-491E-9CF1-98F0A09FF7B8}"
EndProject
Project("{8BC9CEB8-8B4A-11D0-8D11-00A0C91BC942}") = "Prim_MST", "Prim_MST\Prim_MST.vcxproj", "{2F042D61-D125-44DA-9544-31647B8D90D5}"
EndProject
Project("{8BC9CEB8-8B4A-11D0-8D11-00A0C91BC942}") = "Dijkstra", "Dijkstra\Dijkstra.vcxproj", "{A7D34338-2269-4FB2-9E1A-990F67B519B6}"
EndProject
Project("{8BC9CEB8-8B4A-11D0-8D11-00A0C91BC942}") = "Floyd", "Floyd\Floyd.vcxproj", "{E42F4733-7763-434C-ADD8-434532179418}"
EndProject
Project("{8BC9CEB8-8B4A-11D0-8D11-00A0C91BC942}") = "HW6_4_1", "HW6_4_1\HW6_4_1.vcxproj", "{A7095578-B9AE-4103-B845-2A67C0802062}"
EndProject
Project("{8BC9CEB8-8B4A-11D0-8D11-00A0C91BC942}") = "HW6_4_3", "HW6_4_3\HW6_4_3.vcxproj", "{B17AA68A-5277-4396-881E-1C2F7C50CC7D}"
EndProject
Project("{8BC9CEB8-8B4A-11D0-8D11-00A0C91BC942}") = "위상정렬", "위상정렬\위상정렬.vcxproj", "{C38ECB03-81BD-4FB7-9DD4-C9C907D36969}"
EndProject
Project("{8BC9CEB8-8B4A-11D0-8D11-00A0C91BC942}") = "탐색AVL", "탐색AVL\탐색AVL.vcxproj", "{F1C368BF-9E12-443A-A914-DC156D357FAA}"
EndProject
Project("{8BC9CEB8-8B4A-11D0-8D11-00A0C91BC942}") = "f1", "f1\f1.vcxproj", "{7F8ACDB6-270D-46CA-AEF3-674A897E4760}"
EndProject
Project("{8BC9CEB8-8B4A-11D0-8D11-00A0C91BC942}") = "f2", "f2\f2.vcxproj", "{1332C68E-142F-4A7B-9D5E-056C0485F374}"
EndProject
Project("{8BC9CEB8-8B4A-11D0-8D11-00A0C91BC942}") = "f3", "f3\f3.vcxproj", "{89FC9AA0-0BFB-4096-9FC3-9AE5B9EF8DAF}"
EndProject
Project("{8BC9CEB8-8B4A-11D0-8D11-00A0C91BC942}") = "f4", "f4\f4.vcxproj", "{7B3E1D51-6258-42FA-B7CC-424BB882E5C8}"
EndProject
Project("{8BC9CEB8-8B4A-11D0-8D11-00A0C91BC942}") = "f5", "f5\f5.vcxproj", "{7680DB80-5942-4984-B800-5F8346BA827A}"
EndProject
Project("{8BC9CEB8-8B4A-11D0-8D11-00A0C91BC942}") = "f6", "f6\f6.vcxproj", "{A8666E04-818A-47F8-ABC7-A6BF7C62A7BA}"
EndProject
Project("{8BC9CEB8-8B4A-11D0-8D11-00A0C91BC942}") = "f7", "f7\f7.vcxproj", "{BC2AA9B2-AA3E-4FA0-A921-618769B8660C}"
EndProject
Project("{8BC9CEB8-8B4A-11D0-8D11-00A0C91BC942}") = "f8", "f8\f8.vcxproj", "{40363FDF-2108-432C-B7CA-8E9C28E18E7D}"
EndProject
Global
	GlobalSection(SolutionConfigurationPlatforms) = preSolution
		Debug|x64 = Debug|x64
		Debug|x86 = Debug|x86
		Release|x64 = Release|x64
		Release|x86 = Release|x86
	EndGlobalSection
	GlobalSection(ProjectConfigurationPlatforms) = postSolution
		{E66C27EF-9142-4CA7-BA26-74F333AC1BDE}.Debug|x64.ActiveCfg = Debug|x64
		{E66C27EF-9142-4CA7-BA26-74F333AC1BDE}.Debug|x64.Build.0 = Debug|x64
		{E66C27EF-9142-4CA7-BA26-74F333AC1BDE}.Debug|x86.ActiveCfg = Debug|Win32
		{E66C27EF-9142-4CA7-BA26-74F333AC1BDE}.Debug|x86.Build.0 = Debug|Win32
		{E66C27EF-9142-4CA7-BA26-74F333AC1BDE}.Release|x64.ActiveCfg = Release|x64
		{E66C27EF-9142-4CA7-BA26-74F333AC1BDE}.Release|x64.Build.0 = Release|x64
		{E66C27EF-9142-4CA7-BA26-74F333AC1BDE}.Release|x86.ActiveCfg = Release|Win32
		{E66C27EF-9142-4CA7-BA26-74F333AC1BDE}.Release|x86.Build.0 = Release|Win32
		{2405340E-D697-4C1C-ADAF-7564CC4540E2}.Debug|x64.ActiveCfg = Debug|x64
		{2405340E-D697-4C1C-ADAF-7564CC4540E2}.Debug|x64.Build.0 = Debug|x64
		{2405340E-D697-4C1C-ADAF-7564CC4540E2}.Debug|x86.ActiveCfg = Debug|Win32
		{2405340E-D697-4C1C-ADAF-7564CC4540E2}.Debug|x86.Build.0 = Debug|Win32
		{2405340E-D697-4C1C-ADAF-7564CC4540E2}.Release|x64.ActiveCfg = Release|x64
		{2405340E-D697-4C1C-ADAF-7564CC4540E2}.Release|x64.Build.0 = Release|x64
		{2405340E-D697-4C1C-ADAF-7564CC4540E2}.Release|x86.ActiveCfg = Release|Win32
		{2405340E-D697-4C1C-ADAF-7564CC4540E2}.Release|x86.Build.0 = Release|Win32
		{2EFCB831-5FEC-4EAA-A727-A9451FE3E250}.Debug|x64.ActiveCfg = Debug|x64
		{2EFCB831-5FEC-4EAA-A727-A9451FE3E250}.Debug|x64.Build.0 = Debug|x64
		{2EFCB831-5FEC-4EAA-A727-A9451FE3E250}.Debug|x86.ActiveCfg = Debug|Win32
		{2EFCB831-5FEC-4EAA-A727-A9451FE3E250}.Debug|x86.Build.0 = Debug|Win32
		{2EFCB831-5FEC-4EAA-A727-A9451FE3E250}.Release|x64.ActiveCfg = Release|x64
		{2EFCB831-5FEC-4EAA-A727-A9451FE3E250}.Release|x64.Build.0 = Release|x64
		{2EFCB831-5FEC-4EAA-A727-A9451FE3E250}.Release|x86.ActiveCfg = Release|Win32
		{2EFCB831-5FEC-4EAA-A727-A9451FE3E250}.Release|x86.Build.0 = Release|Win32
		{120CC63E-39BB-473E-AA46-D921AD459A3A}.Debug|x64.ActiveCfg = Debug|x64
		{120CC63E-39BB-473E-AA46-D921AD459A3A}.Debug|x64.Build.0 = Debug|x64
		{120CC63E-39BB-473E-AA46-D921AD459A3A}.Debug|x86.ActiveCfg = Debug|Win32
		{120CC63E-39BB-473E-AA46-D921AD459A3A}.Debug|x86.Build.0 = Debug|Win32
		{120CC63E-39BB-473E-AA46-D921AD459A3A}.Release|x64.ActiveCfg = Release|x64
		{120CC63E-39BB-473E-AA46-D921AD459A3A}.Release|x64.Build.0 = Release|x64
		{120CC63E-39BB-473E-AA46-D921AD459A3A}.Release|x86.ActiveCfg = Release|Win32
		{120CC63E-39BB-473E-AA46-D921AD459A3A}.Release|x86.Build.0 = Release|Win32
		{BBAC91D3-B88D-46C6-856C-491A22089C12}.Debug|x64.ActiveCfg = Debug|x64
		{BBAC91D3-B88D-46C6-856C-491A22089C12}.Debug|x64.Build.0 = Debug|x64
		{BBAC91D3-B88D-46C6-856C-491A22089C12}.Debug|x86.ActiveCfg = Debug|Win32
		{BBAC91D3-B88D-46C6-856C-491A22089C12}.Debug|x86.Build.0 = Debug|Win32
		{BBAC91D3-B88D-46C6-856C-491A22089C12}.Release|x64.ActiveCfg = Release|x64
		{BBAC91D3-B88D-46C6-856C-491A22089C12}.Release|x64.Build.0 = Release|x64
		{BBAC91D3-B88D-46C6-856C-491A22089C12}.Release|x86.ActiveCfg = Release|Win32
		{BBAC91D3-B88D-46C6-856C-491A22089C12}.Release|x86.Build.0 = Release|Win32
		{7B7BFFB1-2F7E-41A7-9C91-C6795672B79D}.Debug|x64.ActiveCfg = Debug|x64
		{7B7BFFB1-2F7E-41A7-9C91-C6795672B79D}.Debug|x64.Build.0 = Debug|x64
		{7B7BFFB1-2F7E-41A7-9C91-C6795672B79D}.Debug|x86.ActiveCfg = Debug|Win32
		{7B7BFFB1-2F7E-41A7-9C91-C6795672B79D}.Debug|x86.Build.0 = Debug|Win32
		{7B7BFFB1-2F7E-41A7-9C91-C6795672B79D}.Release|x64.ActiveCfg = Release|x64
		{7B7BFFB1-2F7E-41A7-9C91-C6795672B79D}.Release|x64.Build.0 = Release|x64
		{7B7BFFB1-2F7E-41A7-9C91-C6795672B79D}.Release|x86.ActiveCfg = Release|Win32
		{7B7BFFB1-2F7E-41A7-9C91-C6795672B79D}.Release|x86.Build.0 = Release|Win32
		{B4CEE7B9-DEAC-47A6-8A0A-4FC36B1C1024}.Debug|x64.ActiveCfg = Debug|x64
		{B4CEE7B9-DEAC-47A6-8A0A-4FC36B1C1024}.Debug|x64.Build.0 = Debug|x64
		{B4CEE7B9-DEAC-47A6-8A0A-4FC36B1C1024}.Debug|x86.ActiveCfg = Debug|Win32
		{B4CEE7B9-DEAC-47A6-8A0A-4FC36B1C1024}.Debug|x86.Build.0 = Debug|Win32
		{B4CEE7B9-DEAC-47A6-8A0A-4FC36B1C1024}.Release|x64.ActiveCfg = Release|x64
		{B4CEE7B9-DEAC-47A6-8A0A-4FC36B1C1024}.Release|x64.Build.0 = Release|x64
		{B4CEE7B9-DEAC-47A6-8A0A-4FC36B1C1024}.Release|x86.ActiveCfg = Release|Win32
		{B4CEE7B9-DEAC-47A6-8A0A-4FC36B1C1024}.Release|x86.Build.0 = Release|Win32
		{755AC723-CD23-4DE1-9452-0F21BEA71D1D}.Debug|x64.ActiveCfg = Debug|x64
		{755AC723-CD23-4DE1-9452-0F21BEA71D1D}.Debug|x64.Build.0 = Debug|x64
		{755AC723-CD23-4DE1-9452-0F21BEA71D1D}.Debug|x86.ActiveCfg = Debug|Win32
		{755AC723-CD23-4DE1-9452-0F21BEA71D1D}.Debug|x86.Build.0 = Debug|Win32
		{755AC723-CD23-4DE1-9452-0F21BEA71D1D}.Release|x64.ActiveCfg = Release|x64
		{755AC723-CD23-4DE1-9452-0F21BEA71D1D}.Release|x64.Build.0 = Release|x64
		{755AC723-CD23-4DE1-9452-0F21BEA71D1D}.Release|x86.ActiveCfg = Release|Win32
		{755AC723-CD23-4DE1-9452-0F21BEA71D1D}.Release|x86.Build.0 = Release|Win32
		{0A47DA1C-98A2-4F94-93BC-0BAB938FCBEC}.Debug|x64.ActiveCfg = Debug|x64
		{0A47DA1C-98A2-4F94-93BC-0BAB938FCBEC}.Debug|x64.Build.0 = Debug|x64
		{0A47DA1C-98A2-4F94-93BC-0BAB938FCBEC}.Debug|x86.ActiveCfg = Debug|Win32
		{0A47DA1C-98A2-4F94-93BC-0BAB938FCBEC}.Debug|x86.Build.0 = Debug|Win32
		{0A47DA1C-98A2-4F94-93BC-0BAB938FCBEC}.Release|x64.ActiveCfg = Release|x64
		{0A47DA1C-98A2-4F94-93BC-0BAB938FCBEC}.Release|x64.Build.0 = Release|x64
		{0A47DA1C-98A2-4F94-93BC-0BAB938FCBEC}.Release|x86.ActiveCfg = Release|Win32
		{0A47DA1C-98A2-4F94-93BC-0BAB938FCBEC}.Release|x86.Build.0 = Release|Win32
		{B4D4F459-44BD-4014-B812-84C2D91558BB}.Debug|x64.ActiveCfg = Debug|x64
		{B4D4F459-44BD-4014-B812-84C2D91558BB}.Debug|x64.Build.0 = Debug|x64
		{B4D4F459-44BD-4014-B812-84C2D91558BB}.Debug|x86.ActiveCfg = Debug|Win32
		{B4D4F459-44BD-4014-B812-84C2D91558BB}.Debug|x86.Build.0 = Debug|Win32
		{B4D4F459-44BD-4014-B812-84C2D91558BB}.Release|x64.ActiveCfg = Release|x64
		{B4D4F459-44BD-4014-B812-84C2D91558BB}.Release|x64.Build.0 = Release|x64
		{B4D4F459-44BD-4014-B812-84C2D91558BB}.Release|x86.ActiveCfg = Release|Win32
		{B4D4F459-44BD-4014-B812-84C2D91558BB}.Release|x86.Build.0 = Release|Win32
		{71177A29-2902-4B8B-AA8E-3888E7D54541}.Debug|x64.ActiveCfg = Debug|x64
		{71177A29-2902-4B8B-AA8E-3888E7D54541}.Debug|x64.Build.0 = Debug|x64
		{71177A29-2902-4B8B-AA8E-3888E7D54541}.Debug|x86.ActiveCfg = Debug|Win32
		{71177A29-2902-4B8B-AA8E-3888E7D54541}.Debug|x86.Build.0 = Debug|Win32
		{71177A29-2902-4B8B-AA8E-3888E7D54541}.Release|x64.ActiveCfg = Release|x64
		{71177A29-2902-4B8B-AA8E-3888E7D54541}.Release|x64.Build.0 = Release|x64
		{71177A29-2902-4B8B-AA8E-3888E7D54541}.Release|x86.ActiveCfg = Release|Win32
		{71177A29-2902-4B8B-AA8E-3888E7D54541}.Release|x86.Build.0 = Release|Win32
		{2BE28A9C-D738-40CA-9B40-D1EFC0F481CA}.Debug|x64.ActiveCfg = Debug|x64
		{2BE28A9C-D738-40CA-9B40-D1EFC0F481CA}.Debug|x64.Build.0 = Debug|x64
		{2BE28A9C-D738-40CA-9B40-D1EFC0F481CA}.Debug|x86.ActiveCfg = Debug|Win32
		{2BE28A9C-D738-40CA-9B40-D1EFC0F481CA}.Debug|x86.Build.0 = Debug|Win32
		{2BE28A9C-D738-40CA-9B40-D1EFC0F481CA}.Release|x64.ActiveCfg = Release|x64
		{2BE28A9C-D738-40CA-9B40-D1EFC0F481CA}.Release|x64.Build.0 = Release|x64
		{2BE28A9C-D738-40CA-9B40-D1EFC0F481CA}.Release|x86.ActiveCfg = Release|Win32
		{2BE28A9C-D738-40CA-9B40-D1EFC0F481CA}.Release|x86.Build.0 = Release|Win32
		{E726E247-3B6A-491E-9CF1-98F0A09FF7B8}.Debug|x64.ActiveCfg = Debug|x64
		{E726E247-3B6A-491E-9CF1-98F0A09FF7B8}.Debug|x64.Build.0 = Debug|x64
		{E726E247-3B6A-491E-9CF1-98F0A09FF7B8}.Debug|x86.ActiveCfg = Debug|Win32
		{E726E247-3B6A-491E-9CF1-98F0A09FF7B8}.Debug|x86.Build.0 = Debug|Win32
		{E726E247-3B6A-491E-9CF1-98F0A09FF7B8}.Release|x64.ActiveCfg = Release|x64
		{E726E247-3B6A-491E-9CF1-98F0A09FF7B8}.Release|x64.Build.0 = Release|x64
		{E726E247-3B6A-491E-9CF1-98F0A09FF7B8}.Release|x86.ActiveCfg = Release|Win32
		{E726E247-3B6A-491E-9CF1-98F0A09FF7B8}.Release|x86.Build.0 = Release|Win32
		{2F042D61-D125-44DA-9544-31647B8D90D5}.Debug|x64.ActiveCfg = Debug|x64
		{2F042D61-D125-44DA-9544-31647B8D90D5}.Debug|x64.Build.0 = Debug|x64
		{2F042D61-D125-44DA-9544-31647B8D90D5}.Debug|x86.ActiveCfg = Debug|Win32
		{2F042D61-D125-44DA-9544-31647B8D90D5}.Debug|x86.Build.0 = Debug|Win32
		{2F042D61-D125-44DA-9544-31647B8D90D5}.Release|x64.ActiveCfg = Release|x64
		{2F042D61-D125-44DA-9544-31647B8D90D5}.Release|x64.Build.0 = Release|x64
		{2F042D61-D125-44DA-9544-31647B8D90D5}.Release|x86.ActiveCfg = Release|Win32
		{2F042D61-D125-44DA-9544-31647B8D90D5}.Release|x86.Build.0 = Release|Win32
		{A7D34338-2269-4FB2-9E1A-990F67B519B6}.Debug|x64.ActiveCfg = Debug|x64
		{A7D34338-2269-4FB2-9E1A-990F67B519B6}.Debug|x64.Build.0 = Debug|x64
		{A7D34338-2269-4FB2-9E1A-990F67B519B6}.Debug|x86.ActiveCfg = Debug|Win32
		{A7D34338-2269-4FB2-9E1A-990F67B519B6}.Debug|x86.Build.0 = Debug|Win32
		{A7D34338-2269-4FB2-9E1A-990F67B519B6}.Release|x64.ActiveCfg = Release|x64
		{A7D34338-2269-4FB2-9E1A-990F67B519B6}.Release|x64.Build.0 = Release|x64
		{A7D34338-2269-4FB2-9E1A-990F67B519B6}.Release|x86.ActiveCfg = Release|Win32
		{A7D34338-2269-4FB2-9E1A-990F67B519B6}.Release|x86.Build.0 = Release|Win32
		{E42F4733-7763-434C-ADD8-434532179418}.Debug|x64.ActiveCfg = Debug|x64
		{E42F4733-7763-434C-ADD8-434532179418}.Debug|x64.Build.0 = Debug|x64
		{E42F4733-7763-434C-ADD8-434532179418}.Debug|x86.ActiveCfg = Debug|Win32
		{E42F4733-7763-434C-ADD8-434532179418}.Debug|x86.Build.0 = Debug|Win32
		{E42F4733-7763-434C-ADD8-434532179418}.Release|x64.ActiveCfg = Release|x64
		{E42F4733-7763-434C-ADD8-434532179418}.Release|x64.Build.0 = Release|x64
		{E42F4733-7763-434C-ADD8-434532179418}.Release|x86.ActiveCfg = Release|Win32
		{E42F4733-7763-434C-ADD8-434532179418}.Release|x86.Build.0 = Release|Win32
		{A7095578-B9AE-4103-B845-2A67C0802062}.Debug|x64.ActiveCfg = Debug|x64
		{A7095578-B9AE-4103-B845-2A67C0802062}.Debug|x64.Build.0 = Debug|x64
		{A7095578-B9AE-4103-B845-2A67C0802062}.Debug|x86.ActiveCfg = Debug|Win32
		{A7095578-B9AE-4103-B845-2A67C0802062}.Debug|x86.Build.0 = Debug|Win32
		{A7095578-B9AE-4103-B845-2A67C0802062}.Release|x64.ActiveCfg = Release|x64
		{A7095578-B9AE-4103-B845-2A67C0802062}.Release|x64.Build.0 = Release|x64
		{A7095578-B9AE-4103-B845-2A67C0802062}.Release|x86.ActiveCfg = Release|Win32
		{A7095578-B9AE-4103-B845-2A67C0802062}.Release|x86.Build.0 = Release|Win32
		{B17AA68A-5277-4396-881E-1C2F7C50CC7D}.Debug|x64.ActiveCfg = Debug|x64
		{B17AA68A-5277-4396-881E-1C2F7C50CC7D}.Debug|x64.Build.0 = Debug|x64
		{B17AA68A-5277-4396-881E-1C2F7C50CC7D}.Debug|x86.ActiveCfg = Debug|Win32
		{B17AA68A-5277-4396-881E-1C2F7C50CC7D}.Debug|x86.Build.0 = Debug|Win32
		{B17AA68A-5277-4396-881E-1C2F7C50CC7D}.Release|x64.ActiveCfg = Release|x64
		{B17AA68A-5277-4396-881E-1C2F7C50CC7D}.Release|x64.Build.0 = Release|x64
		{B17AA68A-5277-4396-881E-1C2F7C50CC7D}.Release|x86.ActiveCfg = Release|Win32
		{B17AA68A-5277-4396-881E-1C2F7C50CC7D}.Release|x86.Build.0 = Release|Win32
		{C38ECB03-81BD-4FB7-9DD4-C9C907D36969}.Debug|x64.ActiveCfg = Debug|x64
		{C38ECB03-81BD-4FB7-9DD4-C9C907D36969}.Debug|x64.Build.0 = Debug|x64
		{C38ECB03-81BD-4FB7-9DD4-C9C907D36969}.Debug|x86.ActiveCfg = Debug|Win32
		{C38ECB03-81BD-4FB7-9DD4-C9C907D36969}.Debug|x86.Build.0 = Debug|Win32
		{C38ECB03-81BD-4FB7-9DD4-C9C907D36969}.Release|x64.ActiveCfg = Release|x64
		{C38ECB03-81BD-4FB7-9DD4-C9C907D36969}.Release|x64.Build.0 = Release|x64
		{C38ECB03-81BD-4FB7-9DD4-C9C907D36969}.Release|x86.ActiveCfg = Release|Win32
		{C38ECB03-81BD-4FB7-9DD4-C9C907D36969}.Release|x86.Build.0 = Release|Win32
		{F1C368BF-9E12-443A-A914-DC156D357FAA}.Debug|x64.ActiveCfg = Debug|x64
		{F1C368BF-9E12-443A-A914-DC156D357FAA}.Debug|x64.Build.0 = Debug|x64
		{F1C368BF-9E12-443A-A914-DC156D357FAA}.Debug|x86.ActiveCfg = Debug|Win32
		{F1C368BF-9E12-443A-A914-DC156D357FAA}.Debug|x86.Build.0 = Debug|Win32
		{F1C368BF-9E12-443A-A914-DC156D357FAA}.Release|x64.ActiveCfg = Release|x64
		{F1C368BF-9E12-443A-A914-DC156D357FAA}.Release|x64.Build.0 = Release|x64
		{F1C368BF-9E12-443A-A914-DC156D357FAA}.Release|x86.ActiveCfg = Release|Win32
		{F1C368BF-9E12-443A-A914-DC156D357FAA}.Release|x86.Build.0 = Release|Win32
		{7F8ACDB6-270D-46CA-AEF3-674A897E4760}.Debug|x64.ActiveCfg = Debug|x64
		{7F8ACDB6-270D-46CA-AEF3-674A897E4760}.Debug|x64.Build.0 = Debug|x64
		{7F8ACDB6-270D-46CA-AEF3-674A897E4760}.Debug|x86.ActiveCfg = Debug|Win32
		{7F8ACDB6-270D-46CA-AEF3-674A897E4760}.Debug|x86.Build.0 = Debug|Win32
		{7F8ACDB6-270D-46CA-AEF3-674A897E4760}.Release|x64.ActiveCfg = Release|x64
		{7F8ACDB6-270D-46CA-AEF3-674A897E4760}.Release|x64.Build.0 = Release|x64
		{7F8ACDB6-270D-46CA-AEF3-674A897E4760}.Release|x86.ActiveCfg = Release|Win32
		{7F8ACDB6-270D-46CA-AEF3-674A897E4760}.Release|x86.Build.0 = Release|Win32
		{1332C68E-142F-4A7B-9D5E-056C0485F374}.Debug|x64.ActiveCfg = Debug|x64
		{1332C68E-142F-4A7B-9D5E-056C0485F374}.Debug|x64.Build.0 = Debug|x64
		{1332C68E-142F-4A7B-9D5E-056C0485F374}.Debug|x86.ActiveCfg = Debug|Win32
		{1332C68E-142F-4A7B-9D5E-056C0485F374}.Debug|x86.Build.0 = Debug|Win32
		{1332C68E-142F-4A7B-9D5E-056C0485F374}.Release|x64.ActiveCfg = Release|x64
		{1332C68E-142F-4A7B-9D5E-056C0485F374}.Release|x64.Build.0 = Release|x64
		{1332C68E-142F-4A7B-9D5E-056C0485F374}.Release|x86.ActiveCfg = Release|Win32
		{1332C68E-142F-4A7B-9D5E-056C0485F374}.Release|x86.Build.0 = Release|Win32
		{89FC9AA0-0BFB-4096-9FC3-9AE5B9EF8DAF}.Debug|x64.ActiveCfg = Debug|x64
		{89FC9AA0-0BFB-4096-9FC3-9AE5B9EF8DAF}.Debug|x64.Build.0 = Debug|x64
		{89FC9AA0-0BFB-4096-9FC3-9AE5B9EF8DAF}.Debug|x86.ActiveCfg = Debug|Win32
		{89FC9AA0-0BFB-4096-9FC3-9AE5B9EF8DAF}.Debug|x86.Build.0 = Debug|Win32
		{89FC9AA0-0BFB-4096-9FC3-9AE5B9EF8DAF}.Release|x64.ActiveCfg = Release|x64
		{89FC9AA0-0BFB-4096-9FC3-9AE5B9EF8DAF}.Release|x64.Build.0 = Release|x64
		{89FC9AA0-0BFB-4096-9FC3-9AE5B9EF8DAF}.Release|x86.ActiveCfg = Release|Win32
		{89FC9AA0-0BFB-4096-9FC3-9AE5B9EF8DAF}.Release|x86.Build.0 = Release|Win32
		{7B3E1D51-6258-42FA-B7CC-424BB882E5C8}.Debug|x64.ActiveCfg = Debug|x64
		{7B3E1D51-6258-42FA-B7CC-424BB882E5C8}.Debug|x64.Build.0 = Debug|x64
		{7B3E1D51-6258-42FA-B7CC-424BB882E5C8}.Debug|x86.ActiveCfg = Debug|Win32
		{7B3E1D51-6258-42FA-B7CC-424BB882E5C8}.Debug|x86.Build.0 = Debug|Win32
		{7B3E1D51-6258-42FA-B7CC-424BB882E5C8}.Release|x64.ActiveCfg = Release|x64
		{7B3E1D51-6258-42FA-B7CC-424BB882E5C8}.Release|x64.Build.0 = Release|x64
		{7B3E1D51-6258-42FA-B7CC-424BB882E5C8}.Release|x86.ActiveCfg = Release|Win32
		{7B3E1D51-6258-42FA-B7CC-424BB882E5C8}.Release|x86.Build.0 = Release|Win32
		{7680DB80-5942-4984-B800-5F8346BA827A}.Debug|x64.ActiveCfg = Debug|x64
		{7680DB80-5942-4984-B800-5F8346BA827A}.Debug|x64.Build.0 = Debug|x64
		{7680DB80-5942-4984-B800-5F8346BA827A}.Debug|x86.ActiveCfg = Debug|Win32
		{7680DB80-5942-4984-B800-5F8346BA827A}.Debug|x86.Build.0 = Debug|Win32
		{7680DB80-5942-4984-B800-5F8346BA827A}.Release|x64.ActiveCfg = Release|x64
		{7680DB80-5942-4984-B800-5F8346BA827A}.Release|x64.Build.0 = Release|x64
		{7680DB80-5942-4984-B800-5F8346BA827A}.Release|x86.ActiveCfg = Release|Win32
		{7680DB80-5942-4984-B800-5F8346BA827A}.Release|x86.Build.0 = Release|Win32
		{A8666E04-818A-47F8-ABC7-A6BF7C62A7BA}.Debug|x64.ActiveCfg = Debug|x64
		{A8666E04-818A-47F8-ABC7-A6BF7C62A7BA}.Debug|x64.Build.0 = Debug|x64
		{A8666E04-818A-47F8-ABC7-A6BF7C62A7BA}.Debug|x86.ActiveCfg = Debug|Win32
		{A8666E04-818A-47F8-ABC7-A6BF7C62A7BA}.Debug|x86.Build.0 = Debug|Win32
		{A8666E04-818A-47F8-ABC7-A6BF7C62A7BA}.Release|x64.ActiveCfg = Release|x64
		{A8666E04-818A-47F8-ABC7-A6BF7C62A7BA}.Release|x64.Build.0 = Release|x64
		{A8666E04-818A-47F8-ABC7-A6BF7C62A7BA}.Release|x86.ActiveCfg = Release|Win32
		{A8666E04-818A-47F8-ABC7-A6BF7C62A7BA}.Release|x86.Build.0 = Release|Win32
		{BC2AA9B2-AA3E-4FA0-A921-618769B8660C}.Debug|x64.ActiveCfg = Debug|x64
		{BC2AA9B2-AA3E-4FA0-A921-618769B8660C}.Debug|x64.Build.0 = Debug|x64
		{BC2AA9B2-AA3E-4FA0-A921-618769B8660C}.Debug|x86.ActiveCfg = Debug|Win32
		{BC2AA9B2-AA3E-4FA0-A921-618769B8660C}.Debug|x86.Build.0 = Debug|Win32
		{BC2AA9B2-AA3E-4FA0-A921-618769B8660C}.Release|x64.ActiveCfg = Release|x64
		{BC2AA9B2-AA3E-4FA0-A921-618769B8660C}.Release|x64.Build.0 = Release|x64
		{BC2AA9B2-AA3E-4FA0-A921-618769B8660C}.Release|x86.ActiveCfg = Release|Win32
		{BC2AA9B2-AA3E-4FA0-A921-618769B8660C}.Release|x86.Build.0 = Release|Win32
		{40363FDF-2108-432C-B7CA-8E9C28E18E7D}.Debug|x64.ActiveCfg = Debug|x64
		{40363FDF-2108-432C-B7CA-8E9C28E18E7D}.Debug|x64.Build.0 = Debug|x64
		{40363FDF-2108-432C-B7CA-8E9C28E18E7D}.Debug|x86.ActiveCfg = Debug|Win32
		{40363FDF-2108-432C-B7CA-8E9C28E18E7D}.Debug|x86.Build.0 = Debug|Win32
		{40363FDF-2108-432C-B7CA-8E9C28E18E7D}.Release|x64.ActiveCfg = Release|x64
		{40363FDF-2108-432C-B7CA-8E9C28E18E7D}.Release|x64.Build.0 = Release|x64
		{40363FDF-2108-432C-B7CA-8E9C28E18E7D}.Release|x86.ActiveCfg = Release|Win32
		{40363FDF-2108-432C-B7CA-8E9C28E18E7D}.Release|x86.Build.0 = Release|Win32
	EndGlobalSection
	GlobalSection(SolutionProperties) = preSolution
		HideSolutionNode = FALSE
	EndGlobalSection
	GlobalSection(ExtensibilityGlobals) = postSolution
		SolutionGuid = {D12DF222-DDDA-4205-BE71-BD139359C281}
	EndGlobalSection
EndGlobal
